
Microsoft Visual Studio Solution File, Format Version 11.00
# Visual Studio 2010
Project("{FAE04EC0-301F-11D3-BF4B-00C04F79EFBC}") = "TowerDefence", "TowerDefence\TowerDefence\TowerDefence.csproj", "{ACE88B10-4540-4607-948F-19DA44048996}"
EndProject
Project("{96E2B04D-8817-42C6-938A-82C39BA4D311}") = "TowerDefenceContent", "TowerDefence\TowerDefenceContent\TowerDefenceContent.contentproj", "{AEB676DD-3089-485D-B137-69AE400FF3B3}"
EndProject
Global
	GlobalSection(SolutionConfigurationPlatforms) = preSolution
		Debug|x86 = Debug|x86
		Release|x86 = Release|x86
	EndGlobalSection
	GlobalSection(ProjectConfigurationPlatforms) = postSolution
		{ACE88B10-4540-4607-948F-19DA44048996}.Debug|x86.ActiveCfg = Debug|x86
		{ACE88B10-4540-4607-948F-19DA44048996}.Debug|x86.Build.0 = Debug|x86
		{ACE88B10-4540-4607-948F-19DA44048996}.Release|x86.ActiveCfg = Release|x86
		{ACE88B10-4540-4607-948F-19DA44048996}.Release|x86.Build.0 = Release|x86
		{AEB676DD-3089-485D-B137-69AE400FF3B3}.Debug|x86.ActiveCfg = Debug|x86
		{AEB676DD-3089-485D-B137-69AE400FF3B3}.Release|x86.ActiveCfg = Release|x86
	EndGlobalSection
	GlobalSection(SolutionProperties) = preSolution
		HideSolutionNode = FALSE
	EndGlobalSection
EndGlobal
